
Microsoft Visual Studio Solution File, Format Version 12.00
# Visual Studio Version 17
VisualStudioVersion = 17.5.002.0
MinimumVisualStudioVersion = 10.0.40219.1
Project("{9A19103F-16F7-4668-BE54-9A1E7A4F7556}") = "Vita-Track-Server", "Vita-Track-Server.csproj", "{3DCBFDD4-5ECE-4BBB-800F-B79AD421B6BD}"
EndProject
Global
	GlobalSection(SolutionConfigurationPlatforms) = preSolution
		Debug|Any CPU = Debug|Any CPU
		Release|Any CPU = Release|Any CPU
	EndGlobalSection
	GlobalSection(ProjectConfigurationPlatforms) = postSolution
		{3DCBFDD4-5ECE-4BBB-800F-B79AD421B6BD}.Debug|Any CPU.ActiveCfg = Debug|Any CPU
		{3DCBFDD4-5ECE-4BBB-800F-B79AD421B6BD}.Debug|Any CPU.Build.0 = Debug|Any CPU
		{3DCBFDD4-5ECE-4BBB-800F-B79AD421B6BD}.Release|Any CPU.ActiveCfg = Release|Any CPU
		{3DCBFDD4-5ECE-4BBB-800F-B79AD421B6BD}.Release|Any CPU.Build.0 = Release|Any CPU
	EndGlobalSection
	GlobalSection(SolutionProperties) = preSolution
		HideSolutionNode = FALSE
	EndGlobalSection
	GlobalSection(ExtensibilityGlobals) = postSolution
		SolutionGuid = {3D6F633D-6B21-4011-9B98-0D262D03ED50}
	EndGlobalSection
EndGlobal
